
Microsoft Visual Studio Solution File, Format Version 12.00
# Visual Studio 15
VisualStudioVersion = 15.0.28307.1300
MinimumVisualStudioVersion = 10.0.40219.1
Project("{FAE04EC0-301F-11D3-BF4B-00C04F79EFBC}") = "Module2", "Module2\Module2.csproj", "{B1E13A6A-D17E-46D4-9AD8-AC1BA8671D53}"
EndProject
Global
	GlobalSection(SolutionConfigurationPlatforms) = preSolution
		Debug|Any CPU = Debug|Any CPU
		Release|Any CPU = Release|Any CPU
	EndGlobalSection
	GlobalSection(ProjectConfigurationPlatforms) = postSolution
		{B1E13A6A-D17E-46D4-9AD8-AC1BA8671D53}.Debug|Any CPU.ActiveCfg = Debug|Any CPU
		{B1E13A6A-D17E-46D4-9AD8-AC1BA8671D53}.Debug|Any CPU.Build.0 = Debug|Any CPU
		{B1E13A6A-D17E-46D4-9AD8-AC1BA8671D53}.Release|Any CPU.ActiveCfg = Release|Any CPU
		{B1E13A6A-D17E-46D4-9AD8-AC1BA8671D53}.Release|Any CPU.Build.0 = Release|Any CPU
	EndGlobalSection
	GlobalSection(SolutionProperties) = preSolution
		HideSolutionNode = FALSE
	EndGlobalSection
	GlobalSection(ExtensibilityGlobals) = postSolution
		SolutionGuid = {20CFF77A-9C1F-4CDF-B620-9FCC31371055}
	EndGlobalSection
EndGlobal
